
Microsoft Visual Studio Solution File, Format Version 12.00
# Visual Studio 15
VisualStudioVersion = 15.0.28307.572
MinimumVisualStudioVersion = 10.0.40219.1
Project("{FAE04EC0-301F-11D3-BF4B-00C04F79EFBC}") = "CodeFirstDemo", "CodeFirstDemo\CodeFirstDemo.csproj", "{B73B51B7-6F7D-4F02-821C-C10A244FEA19}"
EndProject
Global
	GlobalSection(SolutionConfigurationPlatforms) = preSolution
		Debug|Any CPU = Debug|Any CPU
		Release|Any CPU = Release|Any CPU
	EndGlobalSection
	GlobalSection(ProjectConfigurationPlatforms) = postSolution
		{B73B51B7-6F7D-4F02-821C-C10A244FEA19}.Debug|Any CPU.ActiveCfg = Debug|Any CPU
		{B73B51B7-6F7D-4F02-821C-C10A244FEA19}.Debug|Any CPU.Build.0 = Debug|Any CPU
		{B73B51B7-6F7D-4F02-821C-C10A244FEA19}.Release|Any CPU.ActiveCfg = Release|Any CPU
		{B73B51B7-6F7D-4F02-821C-C10A244FEA19}.Release|Any CPU.Build.0 = Release|Any CPU
	EndGlobalSection
	GlobalSection(SolutionProperties) = preSolution
		HideSolutionNode = FALSE
	EndGlobalSection
	GlobalSection(ExtensibilityGlobals) = postSolution
		SolutionGuid = {659ED135-B2B3-4A41-B1E1-64A654148123}
	EndGlobalSection
EndGlobal
